# @generated - this file is auto-generated by `mise lock` https://mise.jdx.dev/dev-tools/mise-lock.html

[[tools.act]]
version = "0.2.87"
backend = "aqua:nektos/act"

[tools.act."platforms.linux-arm64"]
checksum = "sha256:c17a9fe2428a4824f61248ceb8e93db8de95d9163b0f2651ec5ccea0e6f4edc8"
url = "https://github.com/nektos/act/releases/download/v0.2.87/act_Linux_arm64.tar.gz"

[tools.act."platforms.linux-arm64-musl"]
checksum = "sha256:c17a9fe2428a4824f61248ceb8e93db8de95d9163b0f2651ec5ccea0e6f4edc8"
url = "https://github.com/nektos/act/releases/download/v0.2.87/act_Linux_arm64.tar.gz"

[tools.act."platforms.linux-x64"]
checksum = "sha256:9bbfca7d779f71746233ec65e47fdcb12c4c976c1c97ec085956976fcabee866"
url = "https://github.com/nektos/act/releases/download/v0.2.87/act_Linux_x86_64.tar.gz"

[tools.act."platforms.linux-x64-baseline"]
checksum = "sha256:9bbfca7d779f71746233ec65e47fdcb12c4c976c1c97ec085956976fcabee866"
url = "https://github.com/nektos/act/releases/download/v0.2.87/act_Linux_x86_64.tar.gz"

[tools.act."platforms.linux-x64-musl"]
checksum = "sha256:9bbfca7d779f71746233ec65e47fdcb12c4c976c1c97ec085956976fcabee866"
url = "https://github.com/nektos/act/releases/download/v0.2.87/act_Linux_x86_64.tar.gz"

[tools.act."platforms.linux-x64-musl-baseline"]
checksum = "sha256:9bbfca7d779f71746233ec65e47fdcb12c4c976c1c97ec085956976fcabee866"
url = "https://github.com/nektos/act/releases/download/v0.2.87/act_Linux_x86_64.tar.gz"

[tools.act."platforms.macos-arm64"]
checksum = "sha256:dab0091c6f8229f955b83e3822aa24375f7a2852279d5a262446361cc3559d88"
url = "https://github.com/nektos/act/releases/download/v0.2.87/act_Darwin_arm64.tar.gz"

[tools.act."platforms.macos-x64"]
checksum = "sha256:41077f98142b02e0bb45b181f57a068f6af86ce887d578a4da1a901b1d8f240a"
url = "https://github.com/nektos/act/releases/download/v0.2.87/act_Darwin_x86_64.tar.gz"

[tools.act."platforms.macos-x64-baseline"]
checksum = "sha256:41077f98142b02e0bb45b181f57a068f6af86ce887d578a4da1a901b1d8f240a"
url = "https://github.com/nektos/act/releases/download/v0.2.87/act_Darwin_x86_64.tar.gz"

[tools.act."platforms.windows-x64"]
checksum = "sha256:bb7c654b27d79fb98947e22ff846408ef8f93aab90dba6af3656b503b8811966"
url = "https://github.com/nektos/act/releases/download/v0.2.87/act_Windows_x86_64.zip"

[tools.act."platforms.windows-x64-baseline"]
checksum = "sha256:bb7c654b27d79fb98947e22ff846408ef8f93aab90dba6af3656b503b8811966"
url = "https://github.com/nektos/act/releases/download/v0.2.87/act_Windows_x86_64.zip"

[[tools.air]]
version = "1.64.5"
backend = "aqua:air-verse/air"

[tools.air."platforms.linux-arm64"]
checksum = "sha256:16127a32d4732b5d60ebf14dc6b407bec3045608bafe8e15caec8bbacdc5b208"
url = "https://github.com/air-verse/air/releases/download/v1.64.5/air_1.64.5_linux_arm64.tar.gz"

[tools.air."platforms.linux-arm64-musl"]
checksum = "sha256:16127a32d4732b5d60ebf14dc6b407bec3045608bafe8e15caec8bbacdc5b208"
url = "https://github.com/air-verse/air/releases/download/v1.64.5/air_1.64.5_linux_arm64.tar.gz"

[tools.air."platforms.linux-x64"]
checksum = "sha256:2318802038baead95775b871ea7b6dd40d7e1af2f1bb63f590e86465544bb993"
url = "https://github.com/air-verse/air/releases/download/v1.64.5/air_1.64.5_linux_amd64.tar.gz"

[tools.air."platforms.linux-x64-musl"]
checksum = "sha256:2318802038baead95775b871ea7b6dd40d7e1af2f1bb63f590e86465544bb993"
url = "https://github.com/air-verse/air/releases/download/v1.64.5/air_1.64.5_linux_amd64.tar.gz"

[tools.air."platforms.macos-arm64"]
checksum = "sha256:094938fe307ef1f09637117925bd4bce1d84ec8fbe9a8b1e07dbcd7eb9def4f7"
url = "https://github.com/air-verse/air/releases/download/v1.64.5/air_1.64.5_darwin_arm64.tar.gz"

[tools.air."platforms.macos-x64"]
checksum = "sha256:793704d06fa3a42955d335010bb70bd33893db834d12173f25afca06d08be9ef"
url = "https://github.com/air-verse/air/releases/download/v1.64.5/air_1.64.5_darwin_amd64.tar.gz"

[tools.air."platforms.windows-x64"]
checksum = "sha256:6ce5cd2fc0bb4b26e753818d9f8a27523434f9538348b0e14397e37bfe636e4a"
url = "https://github.com/air-verse/air/releases/download/v1.64.5/air_1.64.5_windows_amd64.tar.gz"

[[tools.biome]]
version = "2.4.9"
backend = "aqua:biomejs/biome"

[tools.biome."platforms.linux-arm64"]
checksum = "sha256:3f4516bfddca114ee5c727f7614803eb7a566991ddb8ca1bb9ebe1eb8c36bfe7"
url = "https://github.com/biomejs/biome/releases/download/%40biomejs/biome%402.4.9/biome-linux-arm64"

[tools.biome."platforms.linux-arm64-musl"]
checksum = "sha256:3f4516bfddca114ee5c727f7614803eb7a566991ddb8ca1bb9ebe1eb8c36bfe7"
url = "https://github.com/biomejs/biome/releases/download/%40biomejs/biome%402.4.9/biome-linux-arm64"

[tools.biome."platforms.linux-x64"]
checksum = "sha256:209550f80e5443011de329f658f86f496008a82e081626349cfe1dddd6156425"
url = "https://github.com/biomejs/biome/releases/download/%40biomejs/biome%402.4.9/biome-linux-x64"

[tools.biome."platforms.linux-x64-musl"]
checksum = "sha256:209550f80e5443011de329f658f86f496008a82e081626349cfe1dddd6156425"
url = "https://github.com/biomejs/biome/releases/download/%40biomejs/biome%402.4.9/biome-linux-x64"

[tools.biome."platforms.macos-arm64"]
checksum = "sha256:8d40e92275fcbaf0a157b5146f71b8c71ce61e50102ac4385170022e76938d85"
url = "https://github.com/biomejs/biome/releases/download/%40biomejs/biome%402.4.9/biome-darwin-arm64"

[tools.biome."platforms.macos-x64"]
checksum = "sha256:f5b7e584d1e993157638ce2d32335dbe754c4be94c4774f43aaf569918161c15"
url = "https://github.com/biomejs/biome/releases/download/%40biomejs/biome%402.4.9/biome-darwin-x64"

[tools.biome."platforms.windows-x64"]
checksum = "sha256:b33519e33e6807e37d57767f7c49fc8fe5205819d267924a8fe8a20d7ce296cf"
url = "https://github.com/biomejs/biome/releases/download/%40biomejs/biome%402.4.9/biome-win32-x64.exe"

[[tools.bun]]
version = "1.3.11"
backend = "core:bun"

[tools.bun."platforms.linux-arm64"]
checksum = "sha256:d13944da12a53ecc74bf6a720bd1d04c4555c038dfe422365356a7be47691fdf"
url = "https://github.com/oven-sh/bun/releases/download/bun-v1.3.11/bun-linux-aarch64.zip"

[tools.bun."platforms.linux-arm64-musl"]
checksum = "sha256:0f5bf5dc3f276053196274bb84f90a44e2fa40c9432bd6757e3247a8d9476a3d"
url = "https://github.com/oven-sh/bun/releases/download/bun-v1.3.11/bun-linux-aarch64-musl.zip"

[tools.bun."platforms.linux-x64"]
checksum = "sha256:8611ba935af886f05a6f38740a15160326c15e5d5d07adef966130b4493607ed"
url = "https://github.com/oven-sh/bun/releases/download/bun-v1.3.11/bun-linux-x64.zip"

[tools.bun."platforms.linux-x64-baseline"]
checksum = "sha256:abe346f63414547cdf6b35b7a649a490c728b93d006226156923918a84c0e59b"
url = "https://github.com/oven-sh/bun/releases/download/bun-v1.3.11/bun-linux-x64-baseline.zip"

[tools.bun."platforms.linux-x64-musl"]
checksum = "sha256:b0fce3bc4fab52f26a1e0d8886dc07fd0c0eb2a274cb343b59c83a2d5997b5b1"
url = "https://github.com/oven-sh/bun/releases/download/bun-v1.3.11/bun-linux-x64-musl.zip"

[tools.bun."platforms.linux-x64-musl-baseline"]
checksum = "sha256:2fa2b697f14ada86a28df771d3876ca7606d7453b2339454893b1937aa9c0c7e"
url = "https://github.com/oven-sh/bun/releases/download/bun-v1.3.11/bun-linux-x64-musl-baseline.zip"

[tools.bun."platforms.macos-arm64"]
checksum = "sha256:6f5a3467ed9caec4795bf78cd476507d9f870c7d57b86c945fcb338126772ffc"
url = "https://github.com/oven-sh/bun/releases/download/bun-v1.3.11/bun-darwin-aarch64.zip"

[tools.bun."platforms.macos-x64"]
checksum = "sha256:c4fe2b9247218b0295f24e895aaec8fee62e74452679a9026b67eacbd611a286"
url = "https://github.com/oven-sh/bun/releases/download/bun-v1.3.11/bun-darwin-x64.zip"

[tools.bun."platforms.macos-x64-baseline"]
checksum = "sha256:fb6739b08bf54550edaa7c824cd5b2dca45b6a06afef408443087a63105f6f8d"
url = "https://github.com/oven-sh/bun/releases/download/bun-v1.3.11/bun-darwin-x64-baseline.zip"

[tools.bun."platforms.windows-x64"]
checksum = "sha256:066f8694f8b7d8df592452746d18f01710d4053e93030922dbc6e8c34a8c4b9f"
url = "https://github.com/oven-sh/bun/releases/download/bun-v1.3.11/bun-windows-x64.zip"

[tools.bun."platforms.windows-x64-baseline"]
checksum = "sha256:9d0e0f923e9626f3bc6044fc32e0d3ab29039aea753f5678ef8801cf26f75288"
url = "https://github.com/oven-sh/bun/releases/download/bun-v1.3.11/bun-windows-x64-baseline.zip"

[[tools.go]]
version = "1.26.1"
backend = "core:go"

[tools.go."platforms.linux-arm64"]
checksum = "sha256:a290581cfe4fe28ddd737dde3095f3dbeb7f2e4065cab4eae44dfc53b760c2f7"
url = "https://dl.google.com/go/go1.26.1.linux-arm64.tar.gz"

[tools.go."platforms.linux-arm64-musl"]
checksum = "sha256:a290581cfe4fe28ddd737dde3095f3dbeb7f2e4065cab4eae44dfc53b760c2f7"
url = "https://dl.google.com/go/go1.26.1.linux-arm64.tar.gz"

[tools.go."platforms.linux-x64"]
checksum = "sha256:031f088e5d955bab8657ede27ad4e3bc5b7c1ba281f05f245bcc304f327c987a"
url = "https://dl.google.com/go/go1.26.1.linux-amd64.tar.gz"

[tools.go."platforms.linux-x64-baseline"]
checksum = "sha256:031f088e5d955bab8657ede27ad4e3bc5b7c1ba281f05f245bcc304f327c987a"
url = "https://dl.google.com/go/go1.26.1.linux-amd64.tar.gz"

[tools.go."platforms.linux-x64-musl"]
checksum = "sha256:031f088e5d955bab8657ede27ad4e3bc5b7c1ba281f05f245bcc304f327c987a"
url = "https://dl.google.com/go/go1.26.1.linux-amd64.tar.gz"

[tools.go."platforms.linux-x64-musl-baseline"]
checksum = "sha256:031f088e5d955bab8657ede27ad4e3bc5b7c1ba281f05f245bcc304f327c987a"
url = "https://dl.google.com/go/go1.26.1.linux-amd64.tar.gz"

[tools.go."platforms.macos-arm64"]
checksum = "sha256:353df43a7811ce284c8938b5f3c7df40b7bfb6f56cb165b150bc40b5e2dd541f"
url = "https://dl.google.com/go/go1.26.1.darwin-arm64.tar.gz"

[tools.go."platforms.macos-x64"]
checksum = "sha256:65773dab2f8cc4cd23d93ba6d0a805de150ca0b78378879292be0b903b8cdd08"
url = "https://dl.google.com/go/go1.26.1.darwin-amd64.tar.gz"

[tools.go."platforms.macos-x64-baseline"]
checksum = "sha256:65773dab2f8cc4cd23d93ba6d0a805de150ca0b78378879292be0b903b8cdd08"
url = "https://dl.google.com/go/go1.26.1.darwin-amd64.tar.gz"

[tools.go."platforms.windows-x64"]
checksum = "sha256:9b68112c913f45b7aebbf13c036721264bbba7e03a642f8f7490c561eebd1ecc"
url = "https://dl.google.com/go/go1.26.1.windows-amd64.zip"

[tools.go."platforms.windows-x64-baseline"]
checksum = "sha256:9b68112c913f45b7aebbf13c036721264bbba7e03a642f8f7490c561eebd1ecc"
url = "https://dl.google.com/go/go1.26.1.windows-amd64.zip"

[[tools."go:golang.org/x/tools/gopls"]]
version = "0.21.1"
backend = "go:golang.org/x/tools/gopls"

[[tools.golangci-lint]]
version = "2.11.4"
backend = "aqua:golangci/golangci-lint"

[tools.golangci-lint."platforms.linux-arm64"]
checksum = "sha256:3bcfa2e6f3d32b2bf5cd75eaa876447507025e0303698633f722a05331988db4"
url = "https://github.com/golangci/golangci-lint/releases/download/v2.11.4/golangci-lint-2.11.4-linux-arm64.tar.gz"
provenance = "github-attestations"

[tools.golangci-lint."platforms.linux-arm64-musl"]
checksum = "sha256:3bcfa2e6f3d32b2bf5cd75eaa876447507025e0303698633f722a05331988db4"
url = "https://github.com/golangci/golangci-lint/releases/download/v2.11.4/golangci-lint-2.11.4-linux-arm64.tar.gz"

[tools.golangci-lint."platforms.linux-x64"]
checksum = "sha256:200c5b7503f67b59a6743ccf32133026c174e272b930ee79aa2aa6f37aca7ef1"
url = "https://github.com/golangci/golangci-lint/releases/download/v2.11.4/golangci-lint-2.11.4-linux-amd64.tar.gz"

[tools.golangci-lint."platforms.linux-x64-baseline"]
checksum = "sha256:200c5b7503f67b59a6743ccf32133026c174e272b930ee79aa2aa6f37aca7ef1"
url = "https://github.com/golangci/golangci-lint/releases/download/v2.11.4/golangci-lint-2.11.4-linux-amd64.tar.gz"

[tools.golangci-lint."platforms.linux-x64-musl"]
checksum = "sha256:200c5b7503f67b59a6743ccf32133026c174e272b930ee79aa2aa6f37aca7ef1"
url = "https://github.com/golangci/golangci-lint/releases/download/v2.11.4/golangci-lint-2.11.4-linux-amd64.tar.gz"

[tools.golangci-lint."platforms.linux-x64-musl-baseline"]
checksum = "sha256:200c5b7503f67b59a6743ccf32133026c174e272b930ee79aa2aa6f37aca7ef1"
url = "https://github.com/golangci/golangci-lint/releases/download/v2.11.4/golangci-lint-2.11.4-linux-amd64.tar.gz"

[tools.golangci-lint."platforms.macos-arm64"]
checksum = "sha256:02db2a2dae8b26812e53b0688a6f617e3ef1f489790e829ea22862cf76945675"
url = "https://github.com/golangci/golangci-lint/releases/download/v2.11.4/golangci-lint-2.11.4-darwin-arm64.tar.gz"

[tools.golangci-lint."platforms.macos-x64"]
checksum = "sha256:c900d4048db75d1edfd550fd11cf6a9b3008e7caa8e119fcddbc700412d63e60"
url = "https://github.com/golangci/golangci-lint/releases/download/v2.11.4/golangci-lint-2.11.4-darwin-amd64.tar.gz"

[tools.golangci-lint."platforms.macos-x64-baseline"]
checksum = "sha256:c900d4048db75d1edfd550fd11cf6a9b3008e7caa8e119fcddbc700412d63e60"
url = "https://github.com/golangci/golangci-lint/releases/download/v2.11.4/golangci-lint-2.11.4-darwin-amd64.tar.gz"

[tools.golangci-lint."platforms.windows-x64"]
checksum = "sha256:4932cfca5e75bf60fe1c576edf459e5e809e6644664a068185d64b84af3fad9e"
url = "https://github.com/golangci/golangci-lint/releases/download/v2.11.4/golangci-lint-2.11.4-windows-amd64.zip"

[tools.golangci-lint."platforms.windows-x64-baseline"]
checksum = "sha256:4932cfca5e75bf60fe1c576edf459e5e809e6644664a068185d64b84af3fad9e"
url = "https://github.com/golangci/golangci-lint/releases/download/v2.11.4/golangci-lint-2.11.4-windows-amd64.zip"

[[tools.hk]]
version = "1.39.0"
backend = "aqua:jdx/hk"

[tools.hk."platforms.linux-arm64"]
checksum = "sha256:209b73effe9f36fc5eee5a6ec0e833a501ed67f1041fbb3aeac9923ee252eb53"
url = "https://github.com/jdx/hk/releases/download/v1.39.0/hk-aarch64-unknown-linux-gnu.tar.gz"

[tools.hk."platforms.linux-arm64-musl"]
checksum = "sha256:209b73effe9f36fc5eee5a6ec0e833a501ed67f1041fbb3aeac9923ee252eb53"
url = "https://github.com/jdx/hk/releases/download/v1.39.0/hk-aarch64-unknown-linux-gnu.tar.gz"

[tools.hk."platforms.linux-x64"]
checksum = "sha256:559c72b512f7ec3df48f7a1e0f4d1c1082dd24a26f7d40865805dcc12dbf2a7c"
url = "https://github.com/jdx/hk/releases/download/v1.39.0/hk-x86_64-unknown-linux-gnu.tar.gz"

[tools.hk."platforms.linux-x64-baseline"]
checksum = "sha256:559c72b512f7ec3df48f7a1e0f4d1c1082dd24a26f7d40865805dcc12dbf2a7c"
url = "https://github.com/jdx/hk/releases/download/v1.39.0/hk-x86_64-unknown-linux-gnu.tar.gz"

[tools.hk."platforms.linux-x64-musl"]
checksum = "sha256:559c72b512f7ec3df48f7a1e0f4d1c1082dd24a26f7d40865805dcc12dbf2a7c"
url = "https://github.com/jdx/hk/releases/download/v1.39.0/hk-x86_64-unknown-linux-gnu.tar.gz"

[tools.hk."platforms.linux-x64-musl-baseline"]
checksum = "sha256:559c72b512f7ec3df48f7a1e0f4d1c1082dd24a26f7d40865805dcc12dbf2a7c"
url = "https://github.com/jdx/hk/releases/download/v1.39.0/hk-x86_64-unknown-linux-gnu.tar.gz"

[tools.hk."platforms.macos-arm64"]
checksum = "sha256:0df1d19a8a7b052def3b1048a38681218ce4e04579c1805fa74457f8e634ee82"
url = "https://github.com/jdx/hk/releases/download/v1.39.0/hk-aarch64-apple-darwin.tar.gz"

[tools.hk."platforms.windows-x64"]
checksum = "sha256:4fdbc4dfe17191fdc2157e2ddb9cf32d0e9fb4c6c0cddae2f8f2ea4b0b351fca"
url = "https://github.com/jdx/hk/releases/download/v1.39.0/hk-x86_64-pc-windows-msvc.zip"

[tools.hk."platforms.windows-x64-baseline"]
checksum = "sha256:4fdbc4dfe17191fdc2157e2ddb9cf32d0e9fb4c6c0cddae2f8f2ea4b0b351fca"
url = "https://github.com/jdx/hk/releases/download/v1.39.0/hk-x86_64-pc-windows-msvc.zip"

[[tools."http:lychee"]]
version = "0.23.0"
backend = "http:lychee"

[tools."http:lychee"."platforms.macos-arm64"]
checksum = "blake3:3338398a17df55ef8d01bedcf2b42ae922ed608236e44be281004d40d41e9b61"
url = "https://github.com/lycheeverse/lychee/releases/download/lychee-v0.23.0/lychee-arm64-macos.tar.gz"

[[tools.jq]]
version = "1.8.1"
backend = "aqua:jqlang/jq"

[tools.jq."platforms.linux-arm64"]
checksum = "sha256:6bc62f25981328edd3cfcfe6fe51b073f2d7e7710d7ef7fcdac28d4e384fc3d4"
url = "https://github.com/jqlang/jq/releases/download/jq-1.8.1/jq-linux-arm64"
provenance = "github-attestations"

[tools.jq."platforms.linux-arm64-musl"]
checksum = "sha256:6bc62f25981328edd3cfcfe6fe51b073f2d7e7710d7ef7fcdac28d4e384fc3d4"
url = "https://github.com/jqlang/jq/releases/download/jq-1.8.1/jq-linux-arm64"

[tools.jq."platforms.linux-x64"]
checksum = "sha256:020468de7539ce70ef1bceaf7cde2e8c4f2ca6c3afb84642aabc5c97d9fc2a0d"
url = "https://github.com/jqlang/jq/releases/download/jq-1.8.1/jq-linux-amd64"

[tools.jq."platforms.linux-x64-baseline"]
checksum = "sha256:020468de7539ce70ef1bceaf7cde2e8c4f2ca6c3afb84642aabc5c97d9fc2a0d"
url = "https://github.com/jqlang/jq/releases/download/jq-1.8.1/jq-linux-amd64"

[tools.jq."platforms.linux-x64-musl"]
checksum = "sha256:020468de7539ce70ef1bceaf7cde2e8c4f2ca6c3afb84642aabc5c97d9fc2a0d"
url = "https://github.com/jqlang/jq/releases/download/jq-1.8.1/jq-linux-amd64"

[tools.jq."platforms.linux-x64-musl-baseline"]
checksum = "sha256:020468de7539ce70ef1bceaf7cde2e8c4f2ca6c3afb84642aabc5c97d9fc2a0d"
url = "https://github.com/jqlang/jq/releases/download/jq-1.8.1/jq-linux-amd64"

[tools.jq."platforms.macos-arm64"]
checksum = "sha256:a9fe3ea2f86dfc72f6728417521ec9067b343277152b114f4e98d8cb0e263603"
url = "https://github.com/jqlang/jq/releases/download/jq-1.8.1/jq-macos-arm64"

[tools.jq."platforms.macos-x64"]
checksum = "sha256:e80dbe0d2a2597e3c11c404f03337b981d74b4a8504b70586c354b7697a7c27f"
url = "https://github.com/jqlang/jq/releases/download/jq-1.8.1/jq-macos-amd64"

[tools.jq."platforms.macos-x64-baseline"]
checksum = "sha256:e80dbe0d2a2597e3c11c404f03337b981d74b4a8504b70586c354b7697a7c27f"
url = "https://github.com/jqlang/jq/releases/download/jq-1.8.1/jq-macos-amd64"

[tools.jq."platforms.windows-x64"]
checksum = "sha256:23cb60a1354eed6bcc8d9b9735e8c7b388cd1fdcb75726b93bc299ef22dd9334"
url = "https://github.com/jqlang/jq/releases/download/jq-1.8.1/jq-windows-amd64.exe"

[tools.jq."platforms.windows-x64-baseline"]
checksum = "sha256:23cb60a1354eed6bcc8d9b9735e8c7b388cd1fdcb75726b93bc299ef22dd9334"
url = "https://github.com/jqlang/jq/releases/download/jq-1.8.1/jq-windows-amd64.exe"

[[tools.markdownlint-cli2]]
version = "0.22.0"
backend = "npm:markdownlint-cli2"

[[tools."npm:doctoc"]]
version = "2.3.0"
backend = "npm:doctoc"

[[tools."npm:prettier"]]
version = "3.8.1"
backend = "npm:prettier"

[[tools.pkl]]
version = "0.31.1"
backend = "aqua:apple/pkl"

[tools.pkl."platforms.linux-arm64"]
checksum = "sha256:7ef10e743daa921fb94ae7bdb9ec6986f362bf250c55814b9ea2aeb13f2d083e"
url = "https://github.com/apple/pkl/releases/download/0.31.1/pkl-linux-aarch64"

[tools.pkl."platforms.linux-arm64-musl"]
checksum = "sha256:7ef10e743daa921fb94ae7bdb9ec6986f362bf250c55814b9ea2aeb13f2d083e"
url = "https://github.com/apple/pkl/releases/download/0.31.1/pkl-linux-aarch64"

[tools.pkl."platforms.linux-x64"]
checksum = "sha256:618f13955d755cafbfe8c9cba1d27635848cd49dbc6abffd398d2751db1231bf"
url = "https://github.com/apple/pkl/releases/download/0.31.1/pkl-linux-amd64"

[tools.pkl."platforms.linux-x64-baseline"]
checksum = "sha256:618f13955d755cafbfe8c9cba1d27635848cd49dbc6abffd398d2751db1231bf"
url = "https://github.com/apple/pkl/releases/download/0.31.1/pkl-linux-amd64"

[tools.pkl."platforms.linux-x64-musl"]
checksum = "sha256:618f13955d755cafbfe8c9cba1d27635848cd49dbc6abffd398d2751db1231bf"
url = "https://github.com/apple/pkl/releases/download/0.31.1/pkl-linux-amd64"

[tools.pkl."platforms.linux-x64-musl-baseline"]
checksum = "sha256:618f13955d755cafbfe8c9cba1d27635848cd49dbc6abffd398d2751db1231bf"
url = "https://github.com/apple/pkl/releases/download/0.31.1/pkl-linux-amd64"

[tools.pkl."platforms.macos-arm64"]
checksum = "sha256:1b6a5438d9624cd2798a7530721bbbfa27ef72efe5c878a1b6c546c6e7ca0e8f"
url = "https://github.com/apple/pkl/releases/download/0.31.1/pkl-macos-aarch64"

[tools.pkl."platforms.macos-x64"]
checksum = "sha256:22123ed4ae4c03afa8c54c69f77f0bec39b0fa0f67b09d6d148e0a376a2a471d"
url = "https://github.com/apple/pkl/releases/download/0.31.1/pkl-macos-amd64"

[tools.pkl."platforms.macos-x64-baseline"]
checksum = "sha256:22123ed4ae4c03afa8c54c69f77f0bec39b0fa0f67b09d6d148e0a376a2a471d"
url = "https://github.com/apple/pkl/releases/download/0.31.1/pkl-macos-amd64"

[tools.pkl."platforms.windows-x64"]
checksum = "sha256:a8834481667325b44c539dbb758d7365a16389070f343c04b639bbe525ede013"
url = "https://github.com/apple/pkl/releases/download/0.31.1/pkl-windows-amd64.exe"

[tools.pkl."platforms.windows-x64-baseline"]
checksum = "sha256:a8834481667325b44c539dbb758d7365a16389070f343c04b639bbe525ede013"
url = "https://github.com/apple/pkl/releases/download/0.31.1/pkl-windows-amd64.exe"

[[tools.prek]]
version = "0.3.8"
backend = "aqua:j178/prek"

[tools.prek."platforms.linux-arm64"]
checksum = "sha256:b88d96aef4ea84999d12958c390611d3a26194ee57225fe2ff15a9855e3a71bf"
url = "https://github.com/j178/prek/releases/download/v0.3.8/prek-aarch64-unknown-linux-musl.tar.gz"
provenance = "github-attestations"

[tools.prek."platforms.linux-arm64-musl"]
checksum = "sha256:b88d96aef4ea84999d12958c390611d3a26194ee57225fe2ff15a9855e3a71bf"
url = "https://github.com/j178/prek/releases/download/v0.3.8/prek-aarch64-unknown-linux-musl.tar.gz"

[tools.prek."platforms.linux-x64"]
checksum = "sha256:732cfb03960e6dfd5df2cb67906797aa8831750ef3a6f6340ec2b90ee8b7a59f"
url = "https://github.com/j178/prek/releases/download/v0.3.8/prek-x86_64-unknown-linux-musl.tar.gz"

[tools.prek."platforms.linux-x64-baseline"]
checksum = "sha256:732cfb03960e6dfd5df2cb67906797aa8831750ef3a6f6340ec2b90ee8b7a59f"
url = "https://github.com/j178/prek/releases/download/v0.3.8/prek-x86_64-unknown-linux-musl.tar.gz"

[tools.prek."platforms.linux-x64-musl"]
checksum = "sha256:732cfb03960e6dfd5df2cb67906797aa8831750ef3a6f6340ec2b90ee8b7a59f"
url = "https://github.com/j178/prek/releases/download/v0.3.8/prek-x86_64-unknown-linux-musl.tar.gz"

[tools.prek."platforms.linux-x64-musl-baseline"]
checksum = "sha256:732cfb03960e6dfd5df2cb67906797aa8831750ef3a6f6340ec2b90ee8b7a59f"
url = "https://github.com/j178/prek/releases/download/v0.3.8/prek-x86_64-unknown-linux-musl.tar.gz"

[tools.prek."platforms.macos-arm64"]
checksum = "sha256:702fde4399fafb054ce85d0a64367689e3668b6475d732c4a46aae50cec0a4be"
url = "https://github.com/j178/prek/releases/download/v0.3.8/prek-aarch64-apple-darwin.tar.gz"

[tools.prek."platforms.macos-x64"]
checksum = "sha256:010198daf4e99a76d03a911973320542ffd7a04091cf7e86c60ac861187577f6"
url = "https://github.com/j178/prek/releases/download/v0.3.8/prek-x86_64-apple-darwin.tar.gz"

[tools.prek."platforms.macos-x64-baseline"]
checksum = "sha256:010198daf4e99a76d03a911973320542ffd7a04091cf7e86c60ac861187577f6"
url = "https://github.com/j178/prek/releases/download/v0.3.8/prek-x86_64-apple-darwin.tar.gz"

[tools.prek."platforms.windows-x64"]
checksum = "sha256:1da2735c31548dacd2751f90c15b5f643aa72f3053f366636f95153ee2c7186e"
url = "https://github.com/j178/prek/releases/download/v0.3.8/prek-x86_64-pc-windows-msvc.zip"

[tools.prek."platforms.windows-x64-baseline"]
checksum = "sha256:1da2735c31548dacd2751f90c15b5f643aa72f3053f366636f95153ee2c7186e"
url = "https://github.com/j178/prek/releases/download/v0.3.8/prek-x86_64-pc-windows-msvc.zip"

[[tools.prettier]]
version = "3.8.1"
backend = "npm:prettier"

[[tools.python]]
version = "3.14.3"
backend = "core:python"

[tools.python."platforms.linux-arm64"]
checksum = "blake3:9a1559d5786ca7c0cae30c8b83c5833753cf266684bcf2058b802238bafb4f10"
url = "https://github.com/astral-sh/python-build-standalone/releases/download/20260324/cpython-3.14.3+20260324-aarch64-unknown-linux-musl-install_only_stripped.tar.gz"

[tools.python."platforms.linux-arm64-musl"]
checksum = "sha256:53700338695e402a1a1fe22be4a41fbdacc70e22bb308a48eca8ed67cb7992be"
url = "https://github.com/astral-sh/python-build-standalone/releases/download/20260324/cpython-3.14.3+20260324-aarch64-unknown-linux-gnu-install_only_stripped.tar.gz"

[tools.python."platforms.linux-x64"]
checksum = "sha256:d7a9f970914bb4c88756fe3bdcc186d4feb90e9500e54f1db47dae4dc9687e39"
url = "https://github.com/astral-sh/python-build-standalone/releases/download/20260324/cpython-3.14.3+20260324-x86_64-unknown-linux-gnu-install_only_stripped.tar.gz"

[tools.python."platforms.linux-x64-baseline"]
checksum = "sha256:d7a9f970914bb4c88756fe3bdcc186d4feb90e9500e54f1db47dae4dc9687e39"
url = "https://github.com/astral-sh/python-build-standalone/releases/download/20260324/cpython-3.14.3+20260324-x86_64-unknown-linux-gnu-install_only_stripped.tar.gz"

[tools.python."platforms.linux-x64-musl"]
checksum = "sha256:d7a9f970914bb4c88756fe3bdcc186d4feb90e9500e54f1db47dae4dc9687e39"
url = "https://github.com/astral-sh/python-build-standalone/releases/download/20260324/cpython-3.14.3+20260324-x86_64-unknown-linux-gnu-install_only_stripped.tar.gz"

[tools.python."platforms.linux-x64-musl-baseline"]
checksum = "sha256:d7a9f970914bb4c88756fe3bdcc186d4feb90e9500e54f1db47dae4dc9687e39"
url = "https://github.com/astral-sh/python-build-standalone/releases/download/20260324/cpython-3.14.3+20260324-x86_64-unknown-linux-gnu-install_only_stripped.tar.gz"

[tools.python."platforms.macos-arm64"]
checksum = "sha256:c43aecde4a663aebff99b9b83da0efec506479f1c3f98331442f33d2c43501f9"
url = "https://github.com/astral-sh/python-build-standalone/releases/download/20260324/cpython-3.14.3+20260324-aarch64-apple-darwin-install_only_stripped.tar.gz"

[tools.python."platforms.macos-x64"]
checksum = "sha256:9ab41dbc2f100a2a45d1833b9c11165f51051c558b5213eda9a9731d5948a0c0"
url = "https://github.com/astral-sh/python-build-standalone/releases/download/20260324/cpython-3.14.3+20260324-x86_64-apple-darwin-install_only_stripped.tar.gz"

[tools.python."platforms.macos-x64-baseline"]
checksum = "sha256:9ab41dbc2f100a2a45d1833b9c11165f51051c558b5213eda9a9731d5948a0c0"
url = "https://github.com/astral-sh/python-build-standalone/releases/download/20260324/cpython-3.14.3+20260324-x86_64-apple-darwin-install_only_stripped.tar.gz"

[tools.python."platforms.windows-x64"]
checksum = "sha256:bbe19034b35b0267176a7442575ae7dc6343480fd4d35598cb7700173d431e09"
url = "https://github.com/astral-sh/python-build-standalone/releases/download/20260324/cpython-3.14.3+20260324-x86_64-pc-windows-msvc-install_only_stripped.tar.gz"

[tools.python."platforms.windows-x64-baseline"]
checksum = "sha256:bbe19034b35b0267176a7442575ae7dc6343480fd4d35598cb7700173d431e09"
url = "https://github.com/astral-sh/python-build-standalone/releases/download/20260324/cpython-3.14.3+20260324-x86_64-pc-windows-msvc-install_only_stripped.tar.gz"

[[tools.ruff]]
version = "0.15.8"
backend = "aqua:astral-sh/ruff"

[tools.ruff."platforms.linux-arm64"]
checksum = "sha256:15e6a6c21696bbe59c56d0f1c437452b960bcdfe81ecc3bc19fa89e6a7d70eb6"
url = "https://github.com/astral-sh/ruff/releases/download/0.15.8/ruff-aarch64-unknown-linux-musl.tar.gz"
provenance = "github-attestations"

[tools.ruff."platforms.linux-arm64-musl"]
checksum = "sha256:15e6a6c21696bbe59c56d0f1c437452b960bcdfe81ecc3bc19fa89e6a7d70eb6"
url = "https://github.com/astral-sh/ruff/releases/download/0.15.8/ruff-aarch64-unknown-linux-musl.tar.gz"

[tools.ruff."platforms.linux-x64"]
checksum = "sha256:d541beae99d550ed4abb3a1d026b907886c7cdf44a533b24624871e3d8c81330"
url = "https://github.com/astral-sh/ruff/releases/download/0.15.8/ruff-x86_64-unknown-linux-musl.tar.gz"

[tools.ruff."platforms.linux-x64-baseline"]
checksum = "sha256:d541beae99d550ed4abb3a1d026b907886c7cdf44a533b24624871e3d8c81330"
url = "https://github.com/astral-sh/ruff/releases/download/0.15.8/ruff-x86_64-unknown-linux-musl.tar.gz"

[tools.ruff."platforms.linux-x64-musl"]
checksum = "sha256:d541beae99d550ed4abb3a1d026b907886c7cdf44a533b24624871e3d8c81330"
url = "https://github.com/astral-sh/ruff/releases/download/0.15.8/ruff-x86_64-unknown-linux-musl.tar.gz"

[tools.ruff."platforms.linux-x64-musl-baseline"]
checksum = "sha256:d541beae99d550ed4abb3a1d026b907886c7cdf44a533b24624871e3d8c81330"
url = "https://github.com/astral-sh/ruff/releases/download/0.15.8/ruff-x86_64-unknown-linux-musl.tar.gz"

[tools.ruff."platforms.macos-arm64"]
checksum = "sha256:94fc061f928c8f2b04c4b3a98aad2b1b04f38b4c808839bc5b33a2f0a63a47a3"
url = "https://github.com/astral-sh/ruff/releases/download/0.15.8/ruff-aarch64-apple-darwin.tar.gz"

[tools.ruff."platforms.macos-x64"]
checksum = "sha256:153d1801068df606290e832058ce2e5601584ac302788a055d0390adf6c772ce"
url = "https://github.com/astral-sh/ruff/releases/download/0.15.8/ruff-x86_64-apple-darwin.tar.gz"

[tools.ruff."platforms.macos-x64-baseline"]
checksum = "sha256:153d1801068df606290e832058ce2e5601584ac302788a055d0390adf6c772ce"
url = "https://github.com/astral-sh/ruff/releases/download/0.15.8/ruff-x86_64-apple-darwin.tar.gz"

[tools.ruff."platforms.windows-x64"]
checksum = "sha256:1e6ebd021dc9cefa8b9f15b5d6500c275ec49a0f2da968824845c34f30060c78"
url = "https://github.com/astral-sh/ruff/releases/download/0.15.8/ruff-x86_64-pc-windows-msvc.zip"

[tools.ruff."platforms.windows-x64-baseline"]
checksum = "sha256:1e6ebd021dc9cefa8b9f15b5d6500c275ec49a0f2da968824845c34f30060c78"
url = "https://github.com/astral-sh/ruff/releases/download/0.15.8/ruff-x86_64-pc-windows-msvc.zip"

[[tools.shellcheck]]
version = "0.11.0"
backend = "aqua:koalaman/shellcheck"

[tools.shellcheck."platforms.linux-arm64"]
checksum = "sha256:12b331c1d2db6b9eb13cfca64306b1b157a86eb69db83023e261eaa7e7c14588"
url = "https://github.com/koalaman/shellcheck/releases/download/v0.11.0/shellcheck-v0.11.0.linux.aarch64.tar.xz"

[tools.shellcheck."platforms.linux-arm64-musl"]
checksum = "sha256:12b331c1d2db6b9eb13cfca64306b1b157a86eb69db83023e261eaa7e7c14588"
url = "https://github.com/koalaman/shellcheck/releases/download/v0.11.0/shellcheck-v0.11.0.linux.aarch64.tar.xz"

[tools.shellcheck."platforms.linux-x64"]
checksum = "sha256:8c3be12b05d5c177a04c29e3c78ce89ac86f1595681cab149b65b97c4e227198"
url = "https://github.com/koalaman/shellcheck/releases/download/v0.11.0/shellcheck-v0.11.0.linux.x86_64.tar.xz"

[tools.shellcheck."platforms.linux-x64-baseline"]
checksum = "sha256:8c3be12b05d5c177a04c29e3c78ce89ac86f1595681cab149b65b97c4e227198"
url = "https://github.com/koalaman/shellcheck/releases/download/v0.11.0/shellcheck-v0.11.0.linux.x86_64.tar.xz"

[tools.shellcheck."platforms.linux-x64-musl"]
checksum = "sha256:8c3be12b05d5c177a04c29e3c78ce89ac86f1595681cab149b65b97c4e227198"
url = "https://github.com/koalaman/shellcheck/releases/download/v0.11.0/shellcheck-v0.11.0.linux.x86_64.tar.xz"

[tools.shellcheck."platforms.linux-x64-musl-baseline"]
checksum = "sha256:8c3be12b05d5c177a04c29e3c78ce89ac86f1595681cab149b65b97c4e227198"
url = "https://github.com/koalaman/shellcheck/releases/download/v0.11.0/shellcheck-v0.11.0.linux.x86_64.tar.xz"

[tools.shellcheck."platforms.macos-arm64"]
checksum = "sha256:56affdd8de5527894dca6dc3d7e0a99a873b0f004d7aabc30ae407d3f48b0a79"
url = "https://github.com/koalaman/shellcheck/releases/download/v0.11.0/shellcheck-v0.11.0.darwin.aarch64.tar.xz"

[tools.shellcheck."platforms.macos-x64"]
checksum = "sha256:3c89db4edcab7cf1c27bff178882e0f6f27f7afdf54e859fa041fca10febe4c6"
url = "https://github.com/koalaman/shellcheck/releases/download/v0.11.0/shellcheck-v0.11.0.darwin.x86_64.tar.xz"

[tools.shellcheck."platforms.macos-x64-baseline"]
checksum = "sha256:3c89db4edcab7cf1c27bff178882e0f6f27f7afdf54e859fa041fca10febe4c6"
url = "https://github.com/koalaman/shellcheck/releases/download/v0.11.0/shellcheck-v0.11.0.darwin.x86_64.tar.xz"

[tools.shellcheck."platforms.windows-x64"]
checksum = "sha256:8a4e35ab0b331c85d73567b12f2a444df187f483e5079ceffa6bda1faa2e740e"
url = "https://github.com/koalaman/shellcheck/releases/download/v0.11.0/shellcheck-v0.11.0.zip"

[tools.shellcheck."platforms.windows-x64-baseline"]
checksum = "sha256:8a4e35ab0b331c85d73567b12f2a444df187f483e5079ceffa6bda1faa2e740e"
url = "https://github.com/koalaman/shellcheck/releases/download/v0.11.0/shellcheck-v0.11.0.zip"

[[tools.shfmt]]
version = "3.13.1"
backend = "aqua:mvdan/sh"

[tools.shfmt."platforms.linux-arm64"]
checksum = "sha256:32d92acaa5cd8abb29fc49dac123dc412442d5713967819d8af2c29f1b3857c7"
url = "https://github.com/mvdan/sh/releases/download/v3.13.1/shfmt_v3.13.1_linux_arm64"

[tools.shfmt."platforms.linux-arm64-musl"]
checksum = "sha256:32d92acaa5cd8abb29fc49dac123dc412442d5713967819d8af2c29f1b3857c7"
url = "https://github.com/mvdan/sh/releases/download/v3.13.1/shfmt_v3.13.1_linux_arm64"

[tools.shfmt."platforms.linux-x64"]
checksum = "sha256:fb096c5d1ac6beabbdbaa2874d025badb03ee07929f0c9ff67563ce8c75398b1"
url = "https://github.com/mvdan/sh/releases/download/v3.13.1/shfmt_v3.13.1_linux_amd64"

[tools.shfmt."platforms.linux-x64-baseline"]
checksum = "sha256:fb096c5d1ac6beabbdbaa2874d025badb03ee07929f0c9ff67563ce8c75398b1"
url = "https://github.com/mvdan/sh/releases/download/v3.13.1/shfmt_v3.13.1_linux_amd64"

[tools.shfmt."platforms.linux-x64-musl"]
checksum = "sha256:fb096c5d1ac6beabbdbaa2874d025badb03ee07929f0c9ff67563ce8c75398b1"
url = "https://github.com/mvdan/sh/releases/download/v3.13.1/shfmt_v3.13.1_linux_amd64"

[tools.shfmt."platforms.linux-x64-musl-baseline"]
checksum = "sha256:fb096c5d1ac6beabbdbaa2874d025badb03ee07929f0c9ff67563ce8c75398b1"
url = "https://github.com/mvdan/sh/releases/download/v3.13.1/shfmt_v3.13.1_linux_amd64"

[tools.shfmt."platforms.macos-arm64"]
checksum = "sha256:9680526be4a66ea1ffe988ed08af58e1400fe1e4f4aef5bd88b20bb9b3da33f8"
url = "https://github.com/mvdan/sh/releases/download/v3.13.1/shfmt_v3.13.1_darwin_arm64"

[tools.shfmt."platforms.macos-x64"]
checksum = "sha256:6feedafc72915794163114f512348e2437d080d0047ef8b8fa2ec63b575f12af"
url = "https://github.com/mvdan/sh/releases/download/v3.13.1/shfmt_v3.13.1_darwin_amd64"

[tools.shfmt."platforms.macos-x64-baseline"]
checksum = "sha256:6feedafc72915794163114f512348e2437d080d0047ef8b8fa2ec63b575f12af"
url = "https://github.com/mvdan/sh/releases/download/v3.13.1/shfmt_v3.13.1_darwin_amd64"

[tools.shfmt."platforms.windows-x64"]
checksum = "sha256:60cd368533d0ad73fa86d93d5bbf95ef40587245ce684ed138c1b31557b5fe97"
url = "https://github.com/mvdan/sh/releases/download/v3.13.1/shfmt_v3.13.1_windows_amd64.exe"

[tools.shfmt."platforms.windows-x64-baseline"]
checksum = "sha256:60cd368533d0ad73fa86d93d5bbf95ef40587245ce684ed138c1b31557b5fe97"
url = "https://github.com/mvdan/sh/releases/download/v3.13.1/shfmt_v3.13.1_windows_amd64.exe"

[[tools.taplo]]
version = "0.10.0"
backend = "aqua:tamasfe/taplo"

[tools.taplo."platforms.linux-arm64"]
checksum = "blake3:7f7a3ddaa5acf0bc243fc1134dc68a94a39b2bef91000f7866dd90e4bd670b5e"
url = "https://github.com/tamasfe/taplo/releases/download/0.10.0/taplo-linux-aarch64.gz"

[tools.taplo."platforms.linux-arm64-musl"]
url = "https://github.com/tamasfe/taplo/releases/download/0.10.0/taplo-linux-aarch64.gz"

[tools.taplo."platforms.linux-x64"]
url = "https://github.com/tamasfe/taplo/releases/download/0.10.0/taplo-linux-x86_64.gz"

[tools.taplo."platforms.linux-x64-baseline"]
url = "https://github.com/tamasfe/taplo/releases/download/0.10.0/taplo-linux-x86_64.gz"

[tools.taplo."platforms.linux-x64-musl"]
url = "https://github.com/tamasfe/taplo/releases/download/0.10.0/taplo-linux-x86_64.gz"

[tools.taplo."platforms.linux-x64-musl-baseline"]
url = "https://github.com/tamasfe/taplo/releases/download/0.10.0/taplo-linux-x86_64.gz"

[tools.taplo."platforms.macos-arm64"]
url = "https://github.com/tamasfe/taplo/releases/download/0.10.0/taplo-darwin-aarch64.gz"

[tools.taplo."platforms.macos-x64"]
url = "https://github.com/tamasfe/taplo/releases/download/0.10.0/taplo-darwin-x86_64.gz"

[tools.taplo."platforms.macos-x64-baseline"]
url = "https://github.com/tamasfe/taplo/releases/download/0.10.0/taplo-darwin-x86_64.gz"

[tools.taplo."platforms.windows-x64"]
url = "https://github.com/tamasfe/taplo/releases/download/0.10.0/taplo-windows-x86_64.zip"

[tools.taplo."platforms.windows-x64-baseline"]
url = "https://github.com/tamasfe/taplo/releases/download/0.10.0/taplo-windows-x86_64.zip"

[[tools.tombi]]
version = "0.9.13"
backend = "aqua:tombi-toml/tombi"

[tools.tombi."platforms.linux-arm64"]
checksum = "sha256:db2bf291f42193a4bd5aebbddd37f1154f7a179b8952ea1ca20290800f0d344d"
url = "https://github.com/tombi-toml/tombi/releases/download/v0.9.13/tombi-cli-0.9.13-aarch64-unknown-linux-musl.gz"

[tools.tombi."platforms.linux-arm64-musl"]
checksum = "sha256:db2bf291f42193a4bd5aebbddd37f1154f7a179b8952ea1ca20290800f0d344d"
url = "https://github.com/tombi-toml/tombi/releases/download/v0.9.13/tombi-cli-0.9.13-aarch64-unknown-linux-musl.gz"

[tools.tombi."platforms.linux-x64"]
checksum = "sha256:55023b6a24f12c5be2fb6dd826a5f3763e701d4175352619518ac5092540d61a"
url = "https://github.com/tombi-toml/tombi/releases/download/v0.9.13/tombi-cli-0.9.13-x86_64-unknown-linux-musl.gz"

[tools.tombi."platforms.linux-x64-baseline"]
checksum = "sha256:55023b6a24f12c5be2fb6dd826a5f3763e701d4175352619518ac5092540d61a"
url = "https://github.com/tombi-toml/tombi/releases/download/v0.9.13/tombi-cli-0.9.13-x86_64-unknown-linux-musl.gz"

[tools.tombi."platforms.linux-x64-musl"]
checksum = "sha256:55023b6a24f12c5be2fb6dd826a5f3763e701d4175352619518ac5092540d61a"
url = "https://github.com/tombi-toml/tombi/releases/download/v0.9.13/tombi-cli-0.9.13-x86_64-unknown-linux-musl.gz"

[tools.tombi."platforms.linux-x64-musl-baseline"]
checksum = "sha256:55023b6a24f12c5be2fb6dd826a5f3763e701d4175352619518ac5092540d61a"
url = "https://github.com/tombi-toml/tombi/releases/download/v0.9.13/tombi-cli-0.9.13-x86_64-unknown-linux-musl.gz"

[tools.tombi."platforms.macos-arm64"]
checksum = "sha256:608e397c0b1a874814113cd337464589db858364aad26146ce5c778d4cbcbdea"
url = "https://github.com/tombi-toml/tombi/releases/download/v0.9.13/tombi-cli-0.9.13-aarch64-apple-darwin.gz"

[tools.tombi."platforms.macos-x64"]
checksum = "sha256:00232564a55f84a19b571769207ce319056b96800e25ed2fab44203e71e38443"
url = "https://github.com/tombi-toml/tombi/releases/download/v0.9.13/tombi-cli-0.9.13-x86_64-apple-darwin.gz"

[tools.tombi."platforms.macos-x64-baseline"]
checksum = "sha256:00232564a55f84a19b571769207ce319056b96800e25ed2fab44203e71e38443"
url = "https://github.com/tombi-toml/tombi/releases/download/v0.9.13/tombi-cli-0.9.13-x86_64-apple-darwin.gz"

[tools.tombi."platforms.windows-x64"]
checksum = "sha256:b886f817ea20a561ca330c9bc4097392c5d6471d94faabad41283763044b79cc"
url = "https://github.com/tombi-toml/tombi/releases/download/v0.9.13/tombi-cli-0.9.13-x86_64-pc-windows-msvc.zip"

[tools.tombi."platforms.windows-x64-baseline"]
checksum = "sha256:b886f817ea20a561ca330c9bc4097392c5d6471d94faabad41283763044b79cc"
url = "https://github.com/tombi-toml/tombi/releases/download/v0.9.13/tombi-cli-0.9.13-x86_64-pc-windows-msvc.zip"

[[tools.vale]]
version = "3.14.1"
backend = "aqua:errata-ai/vale"

[tools.vale."platforms.linux-arm64"]
checksum = "sha256:6a442a4ff1e67ff0beb08b608b039a38ab1f5bd6170afef903130a63831d1b2b"
url = "https://github.com/vale-cli/vale/releases/download/v3.14.1/vale_3.14.1_Linux_arm64.tar.gz"

[tools.vale."platforms.linux-arm64-musl"]
checksum = "sha256:6a442a4ff1e67ff0beb08b608b039a38ab1f5bd6170afef903130a63831d1b2b"
url = "https://github.com/vale-cli/vale/releases/download/v3.14.1/vale_3.14.1_Linux_arm64.tar.gz"

[tools.vale."platforms.linux-x64"]
checksum = "sha256:ff2b49ffaa9dcd246fd5008f03ff67746d2790b75bf4d3657e2fb9530fb96db3"
url = "https://github.com/vale-cli/vale/releases/download/v3.14.1/vale_3.14.1_Linux_64-bit.tar.gz"

[tools.vale."platforms.linux-x64-musl"]
checksum = "sha256:ff2b49ffaa9dcd246fd5008f03ff67746d2790b75bf4d3657e2fb9530fb96db3"
url = "https://github.com/vale-cli/vale/releases/download/v3.14.1/vale_3.14.1_Linux_64-bit.tar.gz"

[tools.vale."platforms.macos-arm64"]
checksum = "sha256:1a4a0923f59b293d691bd901300cc4da50a6bbfd962503239b5efe9563e0bd8e"
url = "https://github.com/vale-cli/vale/releases/download/v3.14.1/vale_3.14.1_macOS_arm64.tar.gz"

[tools.vale."platforms.macos-x64"]
checksum = "sha256:98970ca11179b3166d7d7a10119d10121784cf6d4c40397ee065cbc1651d51d6"
url = "https://github.com/vale-cli/vale/releases/download/v3.14.1/vale_3.14.1_macOS_64-bit.tar.gz"

[tools.vale."platforms.windows-x64"]
checksum = "sha256:e75228aa7eec07dab8875830c039d7d1216514793d0c46d95740a96dc2f96ae1"
url = "https://github.com/vale-cli/vale/releases/download/v3.14.1/vale_3.14.1_Windows_64-bit.zip"
